<?xml version="1.0" encoding="utf-8"?>
<Project ToolsVersion="4.0" xmlns="http://schemas.microsoft.com/developer/msbuild/2003">
  <ItemGroup>
    <ClInclude Include="..\source\Game.h" />
    <ClInclude Include="..\source\stdafx.h" />
    <ClInclude Include="..\source\Robot\StdioWorld.h">
      <Filter>Robot</Filter>
    </ClInclude>
    <ClInclude Include="..\source\Robot\StdioRobot.h">
      <Filter>Robot</Filter>
    </ClInclude>
    <ClInclude Include="..\source\DemoRobot.h" />
    <ClInclude Include="..\source\Constants.h" />
    <ClInclude Include="..\source\tinythread\fast_mutex.h">
      <Filter>tinythread</Filter>
    </ClInclude>
    <ClInclude Include="..\source\tinythread\tinythread.h">
      <Filter>tinythread</Filter>
    </ClInclude>
  </ItemGroup>
  <ItemGroup>
    <ClCompile Include="..\source\Game.cpp" />
    <ClCompile Include="..\source\stdafx.cpp" />
    <ClCompile Include="..\source\main.cpp" />
    <ClCompile Include="..\source\Robot\StdioWorld.cpp">
      <Filter>Robot</Filter>
    </ClCompile>
    <ClCompile Include="..\source\Robot\StdioRobot.cpp">
      <Filter>Robot</Filter>
    </ClCompile>
    <ClCompile Include="..\source\DemoRobot.cpp" />
    <ClCompile Include="..\source\tinythread\tinythread.cpp">
      <Filter>tinythread</Filter>
    </ClCompile>
  </ItemGroup>
  <ItemGroup>
    <Filter Include="Robot">
      <UniqueIdentifier>{641520c9-985d-4f09-946a-8fd5f1e5e414}</UniqueIdentifier>
    </Filter>
    <Filter Include="tinythread">
      <UniqueIdentifier>{905c9326-1c3f-4d7a-bd91-2716f625e865}</UniqueIdentifier>
    </Filter>
  </ItemGroup>
</Project>